// !$*UTF8*$!
{
	archiveVersion = 1;
	classes = {
	};
	objectVersion = 46;
	objects = {

/* Begin PBXBuildFile section */
		BEF9446B19BCFAC90021C01F /* Foundation.framework in Frameworks */ = {isa = PBXBuildFile; fileRef = BEF9446A19BCFAC90021C01F /* Foundation.framework */; };
		BEF9446D19BCFAC90021C01F /* CoreGraphics.framework in Frameworks */ = {isa = PBXBuildFile; fileRef = BEF9446C19BCFAC90021C01F /* CoreGraphics.framework */; };
		BEF9446F19BCFAC90021C01F /* UIKit.framework in Frameworks */ = {isa = PBXBuildFile; fileRef = BEF9446E19BCFAC90021C01F /* UIKit.framework */; };
		BEF9447519BCFAC90021C01F /* InfoPlist.strings in Resources */ = {isa = PBXBuildFile; fileRef = BEF9447319BCFAC90021C01F /* InfoPlist.strings */; };
		BEF9447719BCFAC90021C01F /* main.m in Sources */ = {isa = PBXBuildFile; fileRef = BEF9447619BCFAC90021C01F /* main.m */; };
		BEF9447B19BCFAC90021C01F /* CC_AppDelegate.m in Sources */ = {isa = PBXBuildFile; fileRef = BEF9447A19BCFAC90021C01F /* CC_AppDelegate.m */; };
		BEF9447E19BCFAC90021C01F /* Main.storyboard in Resources */ = {isa = PBXBuildFile; fileRef = BEF9447C19BCFAC90021C01F /* Main.storyboard */; };
		BEF9448319BCFAC90021C01F /* Images.xcassets in Resources */ = {isa = PBXBuildFile; fileRef = BEF9448219BCFAC90021C01F /* Images.xcassets */; };
		BEF9448A19BCFACA0021C01F /* XCTest.framework in Frameworks */ = {isa = PBXBuildFile; fileRef = BEF9448919BCFACA0021C01F /* XCTest.framework */; };
		BEF9448B19BCFACA0021C01F /* Foundation.framework in Frameworks */ = {isa = PBXBuildFile; fileRef = BEF9446A19BCFAC90021C01F /* Foundation.framework */; };
		BEF9448C19BCFACA0021C01F /* UIKit.framework in Frameworks */ = {isa = PBXBuildFile; fileRef = BEF9446E19BCFAC90021C01F /* UIKit.framework */; };
		BEF9449419BCFACA0021C01F /* InfoPlist.strings in Resources */ = {isa = PBXBuildFile; fileRef = BEF9449219BCFACA0021C01F /* InfoPlist.strings */; };
		BEF9449619BCFACA0021C01F /* UITableViewController_ChallengeTests.m in Sources */ = {isa = PBXBuildFile; fileRef = BEF9449519BCFACA0021C01F /* UITableViewController_ChallengeTests.m */; };
		BEF944A419BD017A0021C01F /* CC_TableViewController.m in Sources */ = {isa = PBXBuildFile; fileRef = BEF944A319BD017A0021C01F /* CC_TableViewController.m */; };
/* End PBXBuildFile section */

/* Begin PBXContainerItemProxy section */
		BEF9448D19BCFACA0021C01F /* PBXContainerItemProxy */ = {
			isa = PBXContainerItemProxy;
			containerPortal = BEF9445F19BCFAC90021C01F /* Project object */;
			proxyType = 1;
			remoteGlobalIDString = BEF9446619BCFAC90021C01F;
			remoteInfo = "UITableViewController Challenge";
		};
/* End PBXContainerItemProxy section */

/* Begin PBXFileReference section */
		BEF9446719BCFAC90021C01F /* UITableViewController Challenge.app */ = {isa = PBXFileReference; explicitFileType = wrapper.application; includeInIndex = 0; path = "UITableViewController Challenge.app"; sourceTree = BUILT_PRODUCTS_DIR; };
		BEF9446A19BCFAC90021C01F /* Foundation.framework */ = {isa = PBXFileReference; lastKnownFileType = wrapper.framework; name = Foundation.framework; path = System/Library/Frameworks/Foundation.framework; sourceTree = SDKROOT; };
		BEF9446C19BCFAC90021C01F /* CoreGraphics.framework */ = {isa = PBXFileReference; lastKnownFileType = wrapper.framework; name = CoreGraphics.framework; path = System/Library/Frameworks/CoreGraphics.framework; sourceTree = SDKROOT; };
		BEF9446E19BCFAC90021C01F /* UIKit.framework */ = {isa = PBXFileReference; lastKnownFileType = wrapper.framework; name = UIKit.framework; path = System/Library/Frameworks/UIKit.framework; sourceTree = SDKROOT; };
		BEF9447219BCFAC90021C01F /* UITableViewController Challenge-Info.plist */ = {isa = PBXFileReference; lastKnownFileType = text.plist.xml; path = "UITableViewController Challenge-Info.plist"; sourceTree = "<group>"; };
		BEF9447419BCFAC90021C01F /* en */ = {isa = PBXFileReference; lastKnownFileType = text.plist.strings; name = en; path = en.lproj/InfoPlist.strings; sourceTree = "<group>"; };
		BEF9447619BCFAC90021C01F /* main.m */ = {isa = PBXFileReference; lastKnownFileType = sourcecode.c.objc; path = main.m; sourceTree = "<group>"; };
		BEF9447819BCFAC90021C01F /* UITableViewController Challenge-Prefix.pch */ = {isa = PBXFileReference; lastKnownFileType = sourcecode.c.h; path = "UITableViewController Challenge-Prefix.pch"; sourceTree = "<group>"; };
		BEF9447919BCFAC90021C01F /* CC_AppDelegate.h */ = {isa = PBXFileReference; lastKnownFileType = sourcecode.c.h; path = CC_AppDelegate.h; sourceTree = "<group>"; };
		BEF9447A19BCFAC90021C01F /* CC_AppDelegate.m */ = {isa = PBXFileReference; lastKnownFileType = sourcecode.c.objc; path = CC_AppDelegate.m; sourceTree = "<group>"; };
		BEF9447D19BCFAC90021C01F /* Base */ = {isa = PBXFileReference; lastKnownFileType = file.storyboard; name = Base; path = Base.lproj/Main.storyboard; sourceTree = "<group>"; };
		BEF9448219BCFAC90021C01F /* Images.xcassets */ = {isa = PBXFileReference; lastKnownFileType = folder.assetcatalog; path = Images.xcassets; sourceTree = "<group>"; };
		BEF9448819BCFACA0021C01F /* UITableViewController ChallengeTests.xctest */ = {isa = PBXFileReference; explicitFileType = wrapper.cfbundle; includeInIndex = 0; path = "UITableViewController ChallengeTests.xctest"; sourceTree = BUILT_PRODUCTS_DIR; };
		BEF9448919BCFACA0021C01F /* XCTest.framework */ = {isa = PBXFileReference; lastKnownFileType = wrapper.framework; name = XCTest.framework; path = Library/Frameworks/XCTest.framework; sourceTree = DEVELOPER_DIR; };
		BEF9449119BCFACA0021C01F /* UITableViewController ChallengeTests-Info.plist */ = {isa = PBXFileReference; lastKnownFileType = text.plist.xml; path = "UITableViewController ChallengeTests-Info.plist"; sourceTree = "<group>"; };
		BEF9449319BCFACA0021C01F /* en */ = {isa = PBXFileReference; lastKnownFileType = text.plist.strings; name = en; path = en.lproj/InfoPlist.strings; sourceTree = "<group>"; };
		BEF9449519BCFACA0021C01F /* UITableViewController_ChallengeTests.m */ = {isa = PBXFileReference; lastKnownFileType = sourcecode.c.objc; path = UITableViewController_ChallengeTests.m; sourceTree = "<group>"; };
		BEF944A219BD017A0021C01F /* CC_TableViewController.h */ = {isa = PBXFileReference; fileEncoding = 4; lastKnownFileType = sourcecode.c.h; path = CC_TableViewController.h; sourceTree = "<group>"; };
		BEF944A319BD017A0021C01F /* CC_TableViewController.m */ = {isa = PBXFileReference; fileEncoding = 4; lastKnownFileType = sourcecode.c.objc; path = CC_TableViewController.m; sourceTree = "<group>"; };
/* End PBXFileReference section */

/* Begin PBXFrameworksBuildPhase section */
		BEF9446419BCFAC90021C01F /* Frameworks */ = {
			isa = PBXFrameworksBuildPhase;
			buildActionMask = 2147483647;
			files = (
				BEF9446D19BCFAC90021C01F /* CoreGraphics.framework in Frameworks */,
				BEF9446F19BCFAC90021C01F /* UIKit.framework in Frameworks */,
				BEF9446B19BCFAC90021C01F /* Foundation.framework in Frameworks */,
			);
			runOnlyForDeploymentPostprocessing = 0;
		};
		BEF9448519BCFACA0021C01F /* Frameworks */ = {
			isa = PBXFrameworksBuildPhase;
			buildActionMask = 2147483647;
			files = (
				BEF9448A19BCFACA0021C01F /* XCTest.framework in Frameworks */,
				BEF9448C19BCFACA0021C01F /* UIKit.framework in Frameworks */,
				BEF9448B19BCFACA0021C01F /* Foundation.framework in Frameworks */,
			);
			runOnlyForDeploymentPostprocessing = 0;
		};
/* End PBXFrameworksBuildPhase section */

/* Begin PBXGroup section */
		BEF9445E19BCFAC90021C01F = {
			isa = PBXGroup;
			children = (
				BEF9447019BCFAC90021C01F /* UITableViewController Challenge */,
				BEF9448F19BCFACA0021C01F /* UITableViewController ChallengeTests */,
				BEF9446919BCFAC90021C01F /* Frameworks */,
				BEF9446819BCFAC90021C01F /* Products */,
			);
			sourceTree = "<group>";
		};
		BEF9446819BCFAC90021C01F /* Products */ = {
			isa = PBXGroup;
			children = (
				BEF9446719BCFAC90021C01F /* UITableViewController Challenge.app */,
				BEF9448819BCFACA0021C01F /* UITableViewController ChallengeTests.xctest */,
			);
			name = Products;
			sourceTree = "<group>";
		};
		BEF9446919BCFAC90021C01F /* Frameworks */ = {
			isa = PBXGroup;
			children = (
				BEF9446A19BCFAC90021C01F /* Foundation.framework */,
				BEF9446C19BCFAC90021C01F /* CoreGraphics.framework */,
				BEF9446E19BCFAC90021C01F /* UIKit.framework */,
				BEF9448919BCFACA0021C01F /* XCTest.framework */,
			);
			name = Frameworks;
			sourceTree = "<group>";
		};
		BEF9447019BCFAC90021C01F /* UITableViewController Challenge */ = {
			isa = PBXGroup;
			children = (
				BEF9447919BCFAC90021C01F /* CC_AppDelegate.h */,
				BEF9447A19BCFAC90021C01F /* CC_AppDelegate.m */,
				BEF944A219BD017A0021C01F /* CC_TableViewController.h */,
				BEF944A319BD017A0021C01F /* CC_TableViewController.m */,
				BEF9448219BCFAC90021C01F /* Images.xcassets */,
				BEF9447C19BCFAC90021C01F /* Main.storyboard */,
				BEF9447119BCFAC90021C01F /* Supporting Files */,
			);
			path = "UITableViewController Challenge";
			sourceTree = "<group>";
		};
		BEF9447119BCFAC90021C01F /* Supporting Files */ = {
			isa = PBXGroup;
			children = (
				BEF9447219BCFAC90021C01F /* UITableViewController Challenge-Info.plist */,
				BEF9447319BCFAC90021C01F /* InfoPlist.strings */,
				BEF9447619BCFAC90021C01F /* main.m */,
				BEF9447819BCFAC90021C01F /* UITableViewController Challenge-Prefix.pch */,
			);
			name = "Supporting Files";
			sourceTree = "<group>";
		};
		BEF9448F19BCFACA0021C01F /* UITableViewController ChallengeTests */ = {
			isa = PBXGroup;
			children = (
				BEF9449519BCFACA0021C01F /* UITableViewController_ChallengeTests.m */,
				BEF9449019BCFACA0021C01F /* Supporting Files */,
			);
			path = "UITableViewController ChallengeTests";
			sourceTree = "<group>";
		};
		BEF9449019BCFACA0021C01F /* Supporting Files */ = {
			isa = PBXGroup;
			children = (
				BEF9449119BCFACA0021C01F /* UITableViewController ChallengeTests-Info.plist */,
				BEF9449219BCFACA0021C01F /* InfoPlist.strings */,
			);
			name = "Supporting Files";
			sourceTree = "<group>";
		};
/* End PBXGroup section */

/* Begin PBXNativeTarget section */
		BEF9446619BCFAC90021C01F /* UITableViewController Challenge */ = {
			isa = PBXNativeTarget;
			buildConfigurationList = BEF9449919BCFACA0021C01F /* Build configuration list for PBXNativeTarget "UITableViewController Challenge" */;
			buildPhases = (
				BEF9446319BCFAC90021C01F /* Sources */,
				BEF9446419BCFAC90021C01F /* Frameworks */,
				BEF9446519BCFAC90021C01F /* Resources */,
			);
			buildRules = (
			);
			dependencies = (
			);
			name = "UITableViewController Challenge";
			productName = "UITableViewController Challenge";
			productReference = BEF9446719BCFAC90021C01F /* UITableViewController Challenge.app */;
			productType = "com.apple.product-type.application";
		};
		BEF9448719BCFACA0021C01F /* UITableViewController ChallengeTests */ = {
			isa = PBXNativeTarget;
			buildConfigurationList = BEF9449C19BCFACA0021C01F /* Build configuration list for PBXNativeTarget "UITableViewController ChallengeTests" */;
			buildPhases = (
				BEF9448419BCFACA0021C01F /* Sources */,
				BEF9448519BCFACA0021C01F /* Frameworks */,
				BEF9448619BCFACA0021C01F /* Resources */,
			);
			buildRules = (
			);
			dependencies = (
				BEF9448E19BCFACA0021C01F /* PBXTargetDependency */,
			);
			name = "UITableViewController ChallengeTests";
			productName = "UITableViewController ChallengeTests";
			productReference = BEF9448819BCFACA0021C01F /* UITableViewController ChallengeTests.xctest */;
			productType = "com.apple.product-type.bundle.unit-test";
		};
/* End PBXNativeTarget section */

/* Begin PBXProject section */
		BEF9445F19BCFAC90021C01F /* Project object */ = {
			isa = PBXProject;
			attributes = {
				CLASSPREFIX = CC_;
				LastUpgradeCheck = 0510;
				ORGANIZATIONNAME = "William Wagers";
				TargetAttributes = {
					BEF9448719BCFACA0021C01F = {
						TestTargetID = BEF9446619BCFAC90021C01F;
					};
				};
			};
			buildConfigurationList = BEF9446219BCFAC90021C01F /* Build configuration list for PBXProject "UITableViewController Challenge" */;
			compatibilityVersion = "Xcode 3.2";
			developmentRegion = English;
			hasScannedForEncodings = 0;
			knownRegions = (
				en,
				Base,
			);
			mainGroup = BEF9445E19BCFAC90021C01F;
			productRefGroup = BEF9446819BCFAC90021C01F /* Products */;
			projectDirPath = "";
			projectRoot = "";
			targets = (
				BEF9446619BCFAC90021C01F /* UITableViewController Challenge */,
				BEF9448719BCFACA0021C01F /* UITableViewController ChallengeTests */,
			);
		};
/* End PBXProject section */

/* Begin PBXResourcesBuildPhase section */
		BEF9446519BCFAC90021C01F /* Resources */ = {
			isa = PBXResourcesBuildPhase;
			buildActionMask = 2147483647;
			files = (
				BEF9448319BCFAC90021C01F /* Images.xcassets in Resources */,
				BEF9447519BCFAC90021C01F /* InfoPlist.strings in Resources */,
				BEF9447E19BCFAC90021C01F /* Main.storyboard in Resources */,
			);
			runOnlyForDeploymentPostprocessing = 0;
		};
		BEF9448619BCFACA0021C01F /* Resources */ = {
			isa = PBXResourcesBuildPhase;
			buildActionMask = 2147483647;
			files = (
				BEF9449419BCFACA0021C01F /* InfoPlist.strings in Resources */,
			);
			runOnlyForDeploymentPostprocessing = 0;
		};
/* End PBXResourcesBuildPhase section */

/* Begin PBXSourcesBuildPhase section */
		BEF9446319BCFAC90021C01F /* Sources */ = {
			isa = PBXSourcesBuildPhase;
			buildActionMask = 2147483647;
			files = (
				BEF9447B19BCFAC90021C01F /* CC_AppDelegate.m in Sources */,
				BEF944A419BD017A0021C01F /* CC_TableViewController.m in Sources */,
				BEF9447719BCFAC90021C01F /* main.m in Sources */,
			);
			runOnlyForDeploymentPostprocessing = 0;
		};
		BEF9448419BCFACA0021C01F /* Sources */ = {
			isa = PBXSourcesBuildPhase;
			buildActionMask = 2147483647;
			files = (
				BEF9449619BCFACA0021C01F /* UITableViewController_ChallengeTests.m in Sources */,
			);
			runOnlyForDeploymentPostprocessing = 0;
		};
/* End PBXSourcesBuildPhase section */

/* Begin PBXTargetDependency section */
		BEF9448E19BCFACA0021C01F /* PBXTargetDependency */ = {
			isa = PBXTargetDependency;
			target = BEF9446619BCFAC90021C01F /* UITableViewController Challenge */;
			targetProxy = BEF9448D19BCFACA0021C01F /* PBXContainerItemProxy */;
		};
/* End PBXTargetDependency section */

/* Begin PBXVariantGroup section */
		BEF9447319BCFAC90021C01F /* InfoPlist.strings */ = {
			isa = PBXVariantGroup;
			children = (
				BEF9447419BCFAC90021C01F /* en */,
			);
			name = InfoPlist.strings;
			sourceTree = "<group>";
		};
		BEF9447C19BCFAC90021C01F /* Main.storyboard */ = {
			isa = PBXVariantGroup;
			children = (
				BEF9447D19BCFAC90021C01F /* Base */,
			);
			name = Main.storyboard;
			sourceTree = "<group>";
		};
		BEF9449219BCFACA0021C01F /* InfoPlist.strings */ = {
			isa = PBXVariantGroup;
			children = (
				BEF9449319BCFACA0021C01F /* en */,
			);
			name = InfoPlist.strings;
			sourceTree = "<group>";
		};
/* End PBXVariantGroup section */

/* Begin XCBuildConfiguration section */
		BEF9449719BCFACA0021C01F /* Debug */ = {
			isa = XCBuildConfiguration;
			buildSettings = {
				ALWAYS_SEARCH_USER_PATHS = NO;
				CLANG_CXX_LANGUAGE_STANDARD = "gnu++0x";
				CLANG_CXX_LIBRARY = "libc++";
				CLANG_ENABLE_MODULES = YES;
				CLANG_ENABLE_OBJC_ARC = YES;
				CLANG_WARN_BOOL_CONVERSION = YES;
				CLANG_WARN_CONSTANT_CONVERSION = YES;
				CLANG_WARN_DIRECT_OBJC_ISA_USAGE = YES_ERROR;
				CLANG_WARN_EMPTY_BODY = YES;
				CLANG_WARN_ENUM_CONVERSION = YES;
				CLANG_WARN_INT_CONVERSION = YES;
				CLANG_WARN_OBJC_ROOT_CLASS = YES_ERROR;
				CLANG_WARN__DUPLICATE_METHOD_MATCH = YES;
				"CODE_SIGN_IDENTITY[sdk=iphoneos*]" = "iPhone Developer";
				COPY_PHASE_STRIP = NO;
				GCC_C_LANGUAGE_STANDARD = gnu99;
				GCC_DYNAMIC_NO_PIC = NO;
				GCC_OPTIMIZATION_LEVEL = 0;
				GCC_PREPROCESSOR_DEFINITIONS = (
					"DEBUG=1",
					"$(inherited)",
				);
				GCC_SYMBOLS_PRIVATE_EXTERN = NO;
				GCC_WARN_64_TO_32_BIT_CONVERSION = YES;
				GCC_WARN_ABOUT_RETURN_TYPE = YES_ERROR;
				GCC_WARN_UNDECLARED_SELECTOR = YES;
				GCC_WARN_UNINITIALIZED_AUTOS = YES_AGGRESSIVE;
				GCC_WARN_UNUSED_FUNCTION = YES;
				GCC_WARN_UNUSED_VARIABLE = YES;
				IPHONEOS_DEPLOYMENT_TARGET = 7.1;
				ONLY_ACTIVE_ARCH = YES;
				SDKROOT = iphoneos;
			};
			name = Debug;
		};
		BEF9449819BCFACA0021C01F /* Release */ = {
			isa = XCBuildConfiguration;
			buildSettings = {
				ALWAYS_SEARCH_USER_PATHS = NO;
				CLANG_CXX_LANGUAGE_STANDARD = "gnu++0x";
				CLANG_CXX_LIBRARY = "libc++";
				CLANG_ENABLE_MODULES = YES;
				CLANG_ENABLE_OBJC_ARC = YES;
				CLANG_WARN_BOOL_CONVERSION = YES;
				CLANG_WARN_CONSTANT_CONVERSION = YES;
				CLANG_WARN_DIRECT_OBJC_ISA_USAGE = YES_ERROR;
				CLANG_WARN_EMPTY_BODY = YES;
				CLANG_WARN_ENUM_CONVERSION = YES;
				CLANG_WARN_INT_CONVERSION = YES;
				CLANG_WARN_OBJC_ROOT_CLASS = YES_ERROR;
				CLANG_WARN__DUPLICATE_METHOD_MATCH = YES;
				"CODE_SIGN_IDENTITY[sdk=iphoneos*]" = "iPhone Developer";
				COPY_PHASE_STRIP = YES;
				ENABLE_NS_ASSERTIONS = NO;
				GCC_C_LANGUAGE_STANDARD = gnu99;
				GCC_WARN_64_TO_32_BIT_CONVERSION = YES;
				GCC_WARN_ABOUT_RETURN_TYPE = YES_ERROR;
				GCC_WARN_UNDECLARED_SELECTOR = YES;
				GCC_WARN_UNINITIALIZED_AUTOS = YES_AGGRESSIVE;
				GCC_WARN_UNUSED_FUNCTION = YES;
				GCC_WARN_UNUSED_VARIABLE = YES;
				IPHONEOS_DEPLOYMENT_TARGET = 7.1;
				SDKROOT = iphoneos;
				VALIDATE_PRODUCT = YES;
			};
			name = Release;
		};
		BEF9449A19BCFACA0021C01F /* Debug */ = {
			isa = XCBuildConfiguration;
			buildSettings = {
				ASSETCATALOG_COMPILER_APPICON_NAME = AppIcon;
				ASSETCATALOG_COMPILER_LAUNCHIMAGE_NAME = LaunchImage;
				GCC_PRECOMPILE_PREFIX_HEADER = YES;
				GCC_PREFIX_HEADER = "UITableViewController Challenge/UITableViewController Challenge-Prefix.pch";
				INFOPLIST_FILE = "UITableViewController Challenge/UITableViewController Challenge-Info.plist";
				PRODUCT_NAME = "$(TARGET_NAME)";
				WRAPPER_EXTENSION = app;
			};
			name = Debug;
		};
		BEF9449B19BCFACA0021C01F /* Release */ = {
			isa = XCBuildConfiguration;
			buildSettings = {
				ASSETCATALOG_COMPILER_APPICON_NAME = AppIcon;
				ASSETCATALOG_COMPILER_LAUNCHIMAGE_NAME = LaunchImage;
				GCC_PRECOMPILE_PREFIX_HEADER = YES;
				GCC_PREFIX_HEADER = "UITableViewController Challenge/UITableViewController Challenge-Prefix.pch";
				INFOPLIST_FILE = "UITableViewController Challenge/UITableViewController Challenge-Info.plist";
				PRODUCT_NAME = "$(TARGET_NAME)";
				WRAPPER_EXTENSION = app;
			};
			name = Release;
		};
		BEF9449D19BCFACA0021C01F /* Debug */ = {
			isa = XCBuildConfiguration;
			buildSettings = {
				BUNDLE_LOADER = "$(BUILT_PRODUCTS_DIR)/UITableViewController Challenge.app/UITableViewController Challenge";
				FRAMEWORK_SEARCH_PATHS = (
					"$(SDKROOT)/Developer/Library/Frameworks",
					"$(inherited)",
					"$(DEVELOPER_FRAMEWORKS_DIR)",
				);
				GCC_PRECOMPILE_PREFIX_HEADER = YES;
				GCC_PREFIX_HEADER = "UITableViewController Challenge/UITableViewController Challenge-Prefix.pch";
				GCC_PREPROCESSOR_DEFINITIONS = (
					"DEBUG=1",
					"$(inherited)",
				);
				INFOPLIST_FILE = "UITableViewController ChallengeTests/UITableViewController ChallengeTests-Info.plist";
				PRODUCT_NAME = "$(TARGET_NAME)";
				TEST_HOST = "$(BUNDLE_LOADER)";
				WRAPPER_EXTENSION = xctest;
			};
			name = Debug;
		};
		BEF9449E19BCFACA0021C01F /* Release */ = {
			isa = XCBuildConfiguration;
			buildSettings = {
				BUNDLE_LOADER = "$(BUILT_PRODUCTS_DIR)/UITableViewController Challenge.app/UITableViewController Challenge";
				FRAMEWORK_SEARCH_PATHS = (
					"$(SDKROOT)/Developer/Library/Frameworks",
					"$(inherited)",
					"$(DEVELOPER_FRAMEWORKS_DIR)",
				);
				GCC_PRECOMPILE_PREFIX_HEADER = YES;
				GCC_PREFIX_HEADER = "UITableViewController Challenge/UITableViewController Challenge-Prefix.pch";
				INFOPLIST_FILE = "UITableViewController ChallengeTests/UITableViewController ChallengeTests-Info.plist";
				PRODUCT_NAME = "$(TARGET_NAME)";
				TEST_HOST = "$(BUNDLE_LOADER)";
				WRAPPER_EXTENSION = xctest;
			};
			name = Release;
		};
/* End XCBuildConfiguration section */

/* Begin XCConfigurationList section */
		BEF9446219BCFAC90021C01F /* Build configuration list for PBXProject "UITableViewController Challenge" */ = {
			isa = XCConfigurationList;
			buildConfigurations = (
				BEF9449719BCFACA0021C01F /* Debug */,
				BEF9449819BCFACA0021C01F /* Release */,
			);
			defaultConfigurationIsVisible = 0;
			defaultConfigurationName = Release;
		};
		BEF9449919BCFACA0021C01F /* Build configuration list for PBXNativeTarget "UITableViewController Challenge" */ = {
			isa = XCConfigurationList;
			buildConfigurations = (
				BEF9449A19BCFACA0021C01F /* Debug */,
				BEF9449B19BCFACA0021C01F /* Release */,
			);
			defaultConfigurationIsVisible = 0;
			defaultConfigurationName = Release;
		};
		BEF9449C19BCFACA0021C01F /* Build configuration list for PBXNativeTarget "UITableViewController ChallengeTests" */ = {
			isa = XCConfigurationList;
			buildConfigurations = (
				BEF9449D19BCFACA0021C01F /* Debug */,
				BEF9449E19BCFACA0021C01F /* Release */,
			);
			defaultConfigurationIsVisible = 0;
			defaultConfigurationName = Release;
		};
/* End XCConfigurationList section */
	};
	rootObject = BEF9445F19BCFAC90021C01F /* Project object */;
}
